// !$*UTF8*$!
{
	archiveVersion = 1;
	classes = {
	};
	objectVersion = 77;
	objects = {

/* Begin PBXBuildFile section */
		D67306C42EDF0A7300E3EF97 /* libcurl.tbd in Frameworks */ = {isa = PBXBuildFile; fileRef = D67306C32EDF0A6C00E3EF97 /* libcurl.tbd */; };
		D69F13BA2ED5E91E009C3FF8 /* Accelerate.framework in Frameworks */ = {isa = PBXBuildFile; fileRef = D69F13B92ED5E91E009C3FF8 /* Accelerate.framework */; };
		D69F13F12ED72E06009C3FF8 /* Metal.framework in Frameworks */ = {isa = PBXBuildFile; fileRef = D69F13F02ED72E06009C3FF8 /* Metal.framework */; };
		D69F13F32ED72E15009C3FF8 /* Foundation.framework in Frameworks */ = {isa = PBXBuildFile; fileRef = D69F13F22ED72E15009C3FF8 /* Foundation.framework */; };
		D69F14862ED73141009C3FF8 /* QuartzCore.framework in Frameworks */ = {isa = PBXBuildFile; fileRef = D69F14852ED73141009C3FF8 /* QuartzCore.framework */; };
		D6E5BD322EF9A9410046BB06 /* IOKit.framework in Frameworks */ = {isa = PBXBuildFile; fileRef = D6E5BD312EF9A9410046BB06 /* IOKit.framework */; };
		D6E5BD342EF9A9620046BB06 /* CoreFoundation.framework in Frameworks */ = {isa = PBXBuildFile; fileRef = D6E5BD332EF9A9620046BB06 /* CoreFoundation.framework */; };
/* End PBXBuildFile section */

/* Begin PBXCopyFilesBuildPhase section */
		D630F5FF2ECC5F40001761CF /* CopyFiles */ = {
			isa = PBXCopyFilesBuildPhase;
			buildActionMask = 2147483647;
			dstPath = /usr/share/man/man1/;
			dstSubfolderSpec = 0;
			files = (
			);
			runOnlyForDeploymentPostprocessing = 1;
		};
/* End PBXCopyFilesBuildPhase section */

/* Begin PBXFileReference section */
		D628E69F2ECCB7CE00AD2173 /* .gitignore */ = {isa = PBXFileReference; lastKnownFileType = text; path = .gitignore; sourceTree = "<group>"; };
		D630F6012ECC5F40001761CF /* EegLinearFilter */ = {isa = PBXFileReference; explicitFileType = "compiled.mach-o.executable"; includeInIndex = 0; path = EegLinearFilter; sourceTree = BUILT_PRODUCTS_DIR; };
		D630F60C2ECC5F4A001761CF /* OpenCL.framework */ = {isa = PBXFileReference; lastKnownFileType = wrapper.framework; name = OpenCL.framework; path = System/Library/Frameworks/OpenCL.framework; sourceTree = SDKROOT; };
		D67306C32EDF0A6C00E3EF97 /* libcurl.tbd */ = {isa = PBXFileReference; lastKnownFileType = "sourcecode.text-based-dylib-definition"; name = libcurl.tbd; path = usr/lib/libcurl.tbd; sourceTree = SDKROOT; };
		D69F13B92ED5E91E009C3FF8 /* Accelerate.framework */ = {isa = PBXFileReference; lastKnownFileType = wrapper.framework; name = Accelerate.framework; path = System/Library/Frameworks/Accelerate.framework; sourceTree = SDKROOT; };
		D69F13F02ED72E06009C3FF8 /* Metal.framework */ = {isa = PBXFileReference; lastKnownFileType = wrapper.framework; name = Metal.framework; path = System/Library/Frameworks/Metal.framework; sourceTree = SDKROOT; };
		D69F13F22ED72E15009C3FF8 /* Foundation.framework */ = {isa = PBXFileReference; lastKnownFileType = wrapper.framework; name = Foundation.framework; path = System/Library/Frameworks/Foundation.framework; sourceTree = SDKROOT; };
		D69F14852ED73141009C3FF8 /* QuartzCore.framework */ = {isa = PBXFileReference; lastKnownFileType = wrapper.framework; name = QuartzCore.framework; path = System/Library/Frameworks/QuartzCore.framework; sourceTree = SDKROOT; };
		D6E5BD312EF9A9410046BB06 /* IOKit.framework */ = {isa = PBXFileReference; lastKnownFileType = wrapper.framework; name = IOKit.framework; path = System/Library/Frameworks/IOKit.framework; sourceTree = SDKROOT; };
		D6E5BD332EF9A9620046BB06 /* CoreFoundation.framework */ = {isa = PBXFileReference; lastKnownFileType = wrapper.framework; name = CoreFoundation.framework; path = System/Library/Frameworks/CoreFoundation.framework; sourceTree = SDKROOT; };
		D6E741EA2EDA467300217976 /* MetalPerformanceShaders.framework */ = {isa = PBXFileReference; lastKnownFileType = wrapper.framework; name = MetalPerformanceShaders.framework; path = System/Library/Frameworks/MetalPerformanceShaders.framework; sourceTree = SDKROOT; };
/* End PBXFileReference section */

/* Begin PBXFileSystemSynchronizedRootGroup section */
		D630F6032ECC5F40001761CF /* EegLinearFilter */ = {
			isa = PBXFileSystemSynchronizedRootGroup;
			path = EegLinearFilter;
			sourceTree = "<group>";
		};
/* End PBXFileSystemSynchronizedRootGroup section */

/* Begin PBXFrameworksBuildPhase section */
		D630F5FE2ECC5F40001761CF /* Frameworks */ = {
			isa = PBXFrameworksBuildPhase;
			buildActionMask = 2147483647;
			files = (
				D67306C42EDF0A7300E3EF97 /* libcurl.tbd in Frameworks */,
				D69F14862ED73141009C3FF8 /* QuartzCore.framework in Frameworks */,
				D69F13F12ED72E06009C3FF8 /* Metal.framework in Frameworks */,
				D6E5BD342EF9A9620046BB06 /* CoreFoundation.framework in Frameworks */,
				D69F13F32ED72E15009C3FF8 /* Foundation.framework in Frameworks */,
				D69F13BA2ED5E91E009C3FF8 /* Accelerate.framework in Frameworks */,
				D6E5BD322EF9A9410046BB06 /* IOKit.framework in Frameworks */,
			);
			runOnlyForDeploymentPostprocessing = 0;
		};
/* End PBXFrameworksBuildPhase section */

/* Begin PBXGroup section */
		D630F5F82ECC5F40001761CF = {
			isa = PBXGroup;
			children = (
				D630F6032ECC5F40001761CF /* EegLinearFilter */,
				D630F60B2ECC5F4A001761CF /* Frameworks */,
				D630F6022ECC5F40001761CF /* Products */,
				D628E69F2ECCB7CE00AD2173 /* .gitignore */,
			);
			sourceTree = "<group>";
		};
		D630F6022ECC5F40001761CF /* Products */ = {
			isa = PBXGroup;
			children = (
				D630F6012ECC5F40001761CF /* EegLinearFilter */,
			);
			name = Products;
			sourceTree = "<group>";
		};
		D630F60B2ECC5F4A001761CF /* Frameworks */ = {
			isa = PBXGroup;
			children = (
				D6E5BD332EF9A9620046BB06 /* CoreFoundation.framework */,
				D6E5BD312EF9A9410046BB06 /* IOKit.framework */,
				D67306C32EDF0A6C00E3EF97 /* libcurl.tbd */,
				D6E741EA2EDA467300217976 /* MetalPerformanceShaders.framework */,
				D69F14852ED73141009C3FF8 /* QuartzCore.framework */,
				D69F13F22ED72E15009C3FF8 /* Foundation.framework */,
				D69F13F02ED72E06009C3FF8 /* Metal.framework */,
				D69F13B92ED5E91E009C3FF8 /* Accelerate.framework */,
				D630F60C2ECC5F4A001761CF /* OpenCL.framework */,
			);
			name = Frameworks;
			sourceTree = "<group>";
		};
/* End PBXGroup section */

/* Begin PBXNativeTarget section */
		D630F6002ECC5F40001761CF /* EegLinearFilter */ = {
			isa = PBXNativeTarget;
			buildConfigurationList = D630F6082ECC5F40001761CF /* Build configuration list for PBXNativeTarget "EegLinearFilter" */;
			buildPhases = (
				D630F5FD2ECC5F40001761CF /* Sources */,
				D630F5FE2ECC5F40001761CF /* Frameworks */,
				D630F5FF2ECC5F40001761CF /* CopyFiles */,
			);
			buildRules = (
			);
			dependencies = (
			);
			fileSystemSynchronizedGroups = (
				D630F6032ECC5F40001761CF /* EegLinearFilter */,
			);
			name = EegLinearFilter;
			packageProductDependencies = (
			);
			productName = EegLinearFilter;
			productReference = D630F6012ECC5F40001761CF /* EegLinearFilter */;
			productType = "com.apple.product-type.tool";
		};
/* End PBXNativeTarget section */

/* Begin PBXProject section */
		D630F5F92ECC5F40001761CF /* Project object */ = {
			isa = PBXProject;
			attributes = {
				BuildIndependentTargetsInParallel = 1;
				LastUpgradeCheck = 2610;
				TargetAttributes = {
					D630F6002ECC5F40001761CF = {
						CreatedOnToolsVersion = 26.1.1;
					};
				};
			};
			buildConfigurationList = D630F5FC2ECC5F40001761CF /* Build configuration list for PBXProject "EegLinearFilter" */;
			developmentRegion = en;
			hasScannedForEncodings = 0;
			knownRegions = (
				en,
				Base,
			);
			mainGroup = D630F5F82ECC5F40001761CF;
			minimizedProjectReferenceProxies = 1;
			preferredProjectObjectVersion = 77;
			productRefGroup = D630F6022ECC5F40001761CF /* Products */;
			projectDirPath = "";
			projectRoot = "";
			targets = (
				D630F6002ECC5F40001761CF /* EegLinearFilter */,
			);
		};
/* End PBXProject section */

/* Begin PBXSourcesBuildPhase section */
		D630F5FD2ECC5F40001761CF /* Sources */ = {
			isa = PBXSourcesBuildPhase;
			buildActionMask = 2147483647;
			files = (
			);
			runOnlyForDeploymentPostprocessing = 0;
		};
/* End PBXSourcesBuildPhase section */

/* Begin XCBuildConfiguration section */
		D630F6062ECC5F40001761CF /* Debug */ = {
			isa = XCBuildConfiguration;
			buildSettings = {
				ALWAYS_SEARCH_USER_PATHS = NO;
				ASSETCATALOG_COMPILER_GENERATE_SWIFT_ASSET_SYMBOL_EXTENSIONS = YES;
				CLANG_ANALYZER_NONNULL = YES;
				CLANG_ANALYZER_NUMBER_OBJECT_CONVERSION = YES_AGGRESSIVE;
				CLANG_CXX_LANGUAGE_STANDARD = "gnu++20";
				CLANG_ENABLE_MODULES = YES;
				CLANG_ENABLE_OBJC_ARC = YES;
				CLANG_ENABLE_OBJC_WEAK = YES;
				CLANG_WARN_BLOCK_CAPTURE_AUTORELEASING = YES;
				CLANG_WARN_BOOL_CONVERSION = YES;
				CLANG_WARN_COMMA = YES;
				CLANG_WARN_CONSTANT_CONVERSION = YES;
				CLANG_WARN_DEPRECATED_OBJC_IMPLEMENTATIONS = YES;
				CLANG_WARN_DIRECT_OBJC_ISA_USAGE = YES_ERROR;
				CLANG_WARN_DOCUMENTATION_COMMENTS = YES;
				CLANG_WARN_EMPTY_BODY = YES;
				CLANG_WARN_ENUM_CONVERSION = YES;
				CLANG_WARN_INFINITE_RECURSION = YES;
				CLANG_WARN_INT_CONVERSION = YES;
				CLANG_WARN_NON_LITERAL_NULL_CONVERSION = YES;
				CLANG_WARN_OBJC_IMPLICIT_RETAIN_SELF = YES;
				CLANG_WARN_OBJC_LITERAL_CONVERSION = YES;
				CLANG_WARN_OBJC_ROOT_CLASS = YES_ERROR;
				CLANG_WARN_QUOTED_INCLUDE_IN_FRAMEWORK_HEADER = YES;
				CLANG_WARN_RANGE_LOOP_ANALYSIS = YES;
				CLANG_WARN_STRICT_PROTOTYPES = YES;
				CLANG_WARN_SUSPICIOUS_MOVE = YES;
				CLANG_WARN_UNGUARDED_AVAILABILITY = YES_AGGRESSIVE;
				CLANG_WARN_UNREACHABLE_CODE = YES;
				CLANG_WARN__DUPLICATE_METHOD_MATCH = YES;
				COPY_PHASE_STRIP = NO;
				DEBUG_INFORMATION_FORMAT = dwarf;
				DEVELOPMENT_TEAM = TG9Q2M88Z2;
				ENABLE_STRICT_OBJC_MSGSEND = YES;
				ENABLE_TESTABILITY = YES;
				ENABLE_USER_SCRIPT_SANDBOXING = YES;
				GCC_C_LANGUAGE_STANDARD = gnu17;
				GCC_DYNAMIC_NO_PIC = NO;
				GCC_NO_COMMON_BLOCKS = YES;
				GCC_OPTIMIZATION_LEVEL = 0;
				GCC_PREPROCESSOR_DEFINITIONS = (
					"DEBUG=1",
					"$(inherited)",
				);
				GCC_WARN_64_TO_32_BIT_CONVERSION = YES;
				GCC_WARN_ABOUT_RETURN_TYPE = YES_ERROR;
				GCC_WARN_UNDECLARED_SELECTOR = YES;
				GCC_WARN_UNINITIALIZED_AUTOS = YES_AGGRESSIVE;
				GCC_WARN_UNUSED_FUNCTION = YES;
				GCC_WARN_UNUSED_VARIABLE = YES;
				LOCALIZATION_PREFERS_STRING_CATALOGS = YES;
				MACOSX_DEPLOYMENT_TARGET = 26.0;
				MTL_COMPILER_FLAGS = "-ffast-math";
				MTL_ENABLE_DEBUG_INFO = INCLUDE_SOURCE;
				MTL_FAST_MATH = YES;
				MTL_OPTIMIZATION_LEVEL = "-O3";
				ONLY_ACTIVE_ARCH = YES;
				SDKROOT = macosx;
			};
			name = Debug;
		};
		D630F6072ECC5F40001761CF /* Release */ = {
			isa = XCBuildConfiguration;
			buildSettings = {
				ALWAYS_SEARCH_USER_PATHS = NO;
				ASSETCATALOG_COMPILER_GENERATE_SWIFT_ASSET_SYMBOL_EXTENSIONS = YES;
				CLANG_ANALYZER_NONNULL = YES;
				CLANG_ANALYZER_NUMBER_OBJECT_CONVERSION = YES_AGGRESSIVE;
				CLANG_CXX_LANGUAGE_STANDARD = "gnu++20";
				CLANG_ENABLE_MODULES = YES;
				CLANG_ENABLE_OBJC_ARC = YES;
				CLANG_ENABLE_OBJC_WEAK = YES;
				CLANG_WARN_BLOCK_CAPTURE_AUTORELEASING = YES;
				CLANG_WARN_BOOL_CONVERSION = YES;
				CLANG_WARN_COMMA = YES;
				CLANG_WARN_CONSTANT_CONVERSION = YES;
				CLANG_WARN_DEPRECATED_OBJC_IMPLEMENTATIONS = YES;
				CLANG_WARN_DIRECT_OBJC_ISA_USAGE = YES_ERROR;
				CLANG_WARN_DOCUMENTATION_COMMENTS = YES;
				CLANG_WARN_EMPTY_BODY = YES;
				CLANG_WARN_ENUM_CONVERSION = YES;
				CLANG_WARN_INFINITE_RECURSION = YES;
				CLANG_WARN_INT_CONVERSION = YES;
				CLANG_WARN_NON_LITERAL_NULL_CONVERSION = YES;
				CLANG_WARN_OBJC_IMPLICIT_RETAIN_SELF = YES;
				CLANG_WARN_OBJC_LITERAL_CONVERSION = YES;
				CLANG_WARN_OBJC_ROOT_CLASS = YES_ERROR;
				CLANG_WARN_QUOTED_INCLUDE_IN_FRAMEWORK_HEADER = YES;
				CLANG_WARN_RANGE_LOOP_ANALYSIS = YES;
				CLANG_WARN_STRICT_PROTOTYPES = YES;
				CLANG_WARN_SUSPICIOUS_MOVE = YES;
				CLANG_WARN_UNGUARDED_AVAILABILITY = YES_AGGRESSIVE;
				CLANG_WARN_UNREACHABLE_CODE = YES;
				CLANG_WARN__DUPLICATE_METHOD_MATCH = YES;
				COPY_PHASE_STRIP = NO;
				DEBUG_INFORMATION_FORMAT = "dwarf-with-dsym";
				DEVELOPMENT_TEAM = TG9Q2M88Z2;
				ENABLE_NS_ASSERTIONS = NO;
				ENABLE_STRICT_OBJC_MSGSEND = YES;
				ENABLE_USER_SCRIPT_SANDBOXING = YES;
				GCC_C_LANGUAGE_STANDARD = gnu17;
				GCC_NO_COMMON_BLOCKS = YES;
				GCC_WARN_64_TO_32_BIT_CONVERSION = YES;
				GCC_WARN_ABOUT_RETURN_TYPE = YES_ERROR;
				GCC_WARN_UNDECLARED_SELECTOR = YES;
				GCC_WARN_UNINITIALIZED_AUTOS = YES_AGGRESSIVE;
				GCC_WARN_UNUSED_FUNCTION = YES;
				GCC_WARN_UNUSED_VARIABLE = YES;
				LOCALIZATION_PREFERS_STRING_CATALOGS = YES;
				MACOSX_DEPLOYMENT_TARGET = 26.0;
				MTL_COMPILER_FLAGS = "-ffast-math";
				MTL_ENABLE_DEBUG_INFO = NO;
				MTL_FAST_MATH = YES;
				MTL_OPTIMIZATION_LEVEL = "-O3";
				SDKROOT = macosx;
			};
			name = Release;
		};
		D630F6092ECC5F40001761CF /* Debug */ = {
			isa = XCBuildConfiguration;
			buildSettings = {
				CODE_SIGN_STYLE = Automatic;
				DEVELOPMENT_TEAM = TG9Q2M88Z2;
				ENABLE_HARDENED_RUNTIME = YES;
				HEADER_SEARCH_PATHS = "$(PROJECT_DIR)/EegLinearFilter/lib/metal-cpp";
				MTL_COMPILER_FLAGS = "-ffast-math";
				MTL_OPTIMIZATION_LEVEL = "-O3";
				PRODUCT_NAME = "$(TARGET_NAME)";
				TAPI_LANGUAGE_STANDARD = "c++23";
			};
			name = Debug;
		};
		D630F60A2ECC5F40001761CF /* Release */ = {
			isa = XCBuildConfiguration;
			buildSettings = {
				CODE_SIGN_STYLE = Automatic;
				DEVELOPMENT_TEAM = TG9Q2M88Z2;
				ENABLE_HARDENED_RUNTIME = YES;
				"EXCLUDED_ARCHS[sdk=*]" = x86_64;
				HEADER_SEARCH_PATHS = "$(PROJECT_DIR)/EegLinearFilter/lib/metal-cpp";
				MTL_COMPILER_FLAGS = "-ffast-math";
				MTL_OPTIMIZATION_LEVEL = "-O3";
				"OTHER_CPLUSPLUSFLAGS[arch=*]" = (
					"-Rpass=loop-vectorize",
					"-Rpass-missed=loop-vectorize",
					"-O3",
					"-ffast-math",
				);
				PRODUCT_NAME = "$(TARGET_NAME)";
				TAPI_LANGUAGE_STANDARD = "c++23";
			};
			name = Release;
		};
/* End XCBuildConfiguration section */

/* Begin XCConfigurationList section */
		D630F5FC2ECC5F40001761CF /* Build configuration list for PBXProject "EegLinearFilter" */ = {
			isa = XCConfigurationList;
			buildConfigurations = (
				D630F6062ECC5F40001761CF /* Debug */,
				D630F6072ECC5F40001761CF /* Release */,
			);
			defaultConfigurationIsVisible = 0;
			defaultConfigurationName = Release;
		};
		D630F6082ECC5F40001761CF /* Build configuration list for PBXNativeTarget "EegLinearFilter" */ = {
			isa = XCConfigurationList;
			buildConfigurations = (
				D630F6092ECC5F40001761CF /* Debug */,
				D630F60A2ECC5F40001761CF /* Release */,
			);
			defaultConfigurationIsVisible = 0;
			defaultConfigurationName = Release;
		};
/* End XCConfigurationList section */
	};
	rootObject = D630F5F92ECC5F40001761CF /* Project object */;
}
